hash: 589411ba76692088a005e81fec3076376123b9be6371a84a49c0ce2c62d963de
updated: 2016-06-09T13:31:05.040878875-03:00
imports:
- name: bitbucket.org/liamstask/goose
  version: 8488cc47d90c8a502b1c41a462a6d9cc8ee0a895
  subpackages:
  - cmd/goose
- name: github.com/bluele/factory-go
  version: d6a4ddee8ba43b1d900c1e0d093397811e2b5dd8
  subpackages:
  - factory
- name: github.com/BurntSushi/toml
  version: f0aeabca5a127c4078abb8c8d64298b147264b55
- name: github.com/davecgh/go-spew
  version: 5215b55f46b2b919f50a1df0eaa5886afe4e3b3d
  subpackages:
  - spew
- name: github.com/eknkc/amber
  version: 91774f050c1453128146169b626489e60108ec03
  subpackages:
  - parser
- name: github.com/fatih/color
  version: 533cd7fd8a85905f67a1753afb4deddc85ea174f
- name: github.com/flosch/pongo2
  version: 7f5515449ea9bbeb00256d9cbb654c556e7d0146
- name: github.com/franela/goblin
  version: efa9910a3ea4ccb7ee4b977571318af2e51ba05f
- name: github.com/fsnotify/fsnotify
  version: 30411dbcefb7a1da7e84f75530ad3abe4011b4f8
- name: github.com/garyburd/redigo
  version: b8dc90050f24c1a73a52f107f3f575be67b21b7c
  subpackages:
  - redis
  - internal
- name: github.com/gavv/gojsondiff
  version: 36046c6e558e7f854ebd3fd97d1e9812ebe8709b
  subpackages:
  - formatter
- name: github.com/gavv/httpexpect
  version: 468c7adba41fa6ee650c335c2bc9060433f0f5d1
  subpackages:
  - fasthttpexpect
- name: github.com/hashicorp/hcl
  version: d7400db7143f8e869812e50a53acd6c8d92af3b8
  subpackages:
  - hcl/ast
  - hcl/parser
  - hcl/token
  - json/parser
  - hcl/scanner
  - hcl/strconv
  - json/scanner
  - json/token
- name: github.com/imdario/mergo
  version: 50d4dbd4eb0e84778abe37cefef140271d96fade
- name: github.com/inconshreveable/mousetrap
  version: 76626ae9c91c4f2a10f34cad8ce83ea42c93bb75
- name: github.com/iris-contrib/websocket
  version: b754661664740b86f44f7bb34ba11e44b6194445
- name: github.com/jinzhu/gorm
  version: bf0e23607840019d62e32e87e9af48e881d74b1e
  subpackages:
  - dialects/postgres
- name: github.com/jinzhu/inflection
  version: 3272df6c21d04180007eb3349844c89a3856bc25
- name: github.com/Joker/jade
  version: db4d7e4f68708c5020c392b380e3565df2132840
- name: github.com/kataras/iris
  version: 2da67206c8b7a13868ac8543ee77729c0f025454
  subpackages:
  - iris
  - middleware/logger
  - middleware/recovery
  - bindings
  - config
  - context
  - errors
  - logger
  - mail
  - render/rest
  - render/template
  - server
  - sessions
  - sessions/providers/memory
  - sessions/providers/redis
  - sessions/store
  - utils
  - websocket
  - render/template/engine/amber
  - render/template/engine/html
  - render/template/engine/jade
  - render/template/engine/markdown
  - render/template/engine/pongo
  - sessions/providers/redis/service
- name: github.com/klauspost/compress
  version: 14eb9c4951195779ecfbec34431a976de7335b0a
  subpackages:
  - gzip
  - flate
  - zlib
- name: github.com/klauspost/cpuid
  version: 09cded8978dc9e80714c4d85b0322337b0a1e5e0
- name: github.com/klauspost/crc32
  version: 19b0b332c9e4516a6370a0456e6182c3b5036720
- name: github.com/lib/pq
  version: ee1442bda7bd1b6a84e913bdb421cb1874ec629d
  subpackages:
  - hstore
  - oid
- name: github.com/magiconair/properties
  version: c265cfa48dda6474e208715ca93e987829f572f8
- name: github.com/mattn/go-colorable
  version: 9056b7a9f2d1f2d96498d6d146acd1f9d5ed3d59
- name: github.com/mattn/go-isatty
  version: 56b76bdf51f7708750eac80fa38b952bb9f32639
  repo: https://github.com/mattn/go-isatty
- name: github.com/microcosm-cc/bluemonday
  version: 4ac6f27528d0a3f2a59e0b0a6f6b3ff0bb89fe20
- name: github.com/mitchellh/mapstructure
  version: d2dd0262208475919e1a362f675cfc0e7c10e905
- name: github.com/onsi/gomega
  version: c73e51675ad2455a4515b6213eb7145eaade4824
- name: github.com/Pallinder/go-randomdata
  version: 104cc800bd6434e70cb0c3ad08c4541f4f2eb48b
- name: github.com/pmezard/go-difflib
  version: d8ed2627bdf02c080bf22230dbb337003b7aba2d
  subpackages:
  - difflib
- name: github.com/russross/blackfriday
  version: 1d6b8e9301e720b08a8938b8c25c018285885438
- name: github.com/sergi/go-diff
  version: 97b2266dfe4bd4ea1b81a463322f04f8b724801e
  subpackages:
  - diffmatchpatch
- name: github.com/shurcooL/sanitized_anchor_name
  version: 10ef21a441db47d8b13ebcc5fd2310f636973c77
- name: github.com/spf13/cast
  version: 27b586b42e29bec072fe7379259cc719e1289da6
- name: github.com/spf13/cobra
  version: 1238ba19d24b0b9ceee2094e1cb31947d45c3e86
- name: github.com/spf13/jwalterweatherman
  version: 33c24e77fb80341fe7130ee7c594256ff08ccc46
- name: github.com/spf13/pflag
  version: cb88ea77998c3f024757528e3305022ab50b43be
- name: github.com/spf13/viper
  version: c1ccc378a054ea8d4e38d8c67f6938d4760b53dd
- name: github.com/stretchr/testify
  version: 8d64eb7173c7753d6419fd4a9caf057398611364
  subpackages:
  - assert
  - require
- name: github.com/valyala/fasthttp
  version: 8f05edbec9fb5b0c7a4012ee746035a82e3e8bfb
  subpackages:
  - fasthttpadaptor
- name: github.com/yudai/golcs
  version: d1c525dea8ce39ea9a783d33cf08932305373f2c
- name: golang.org/x/net
  version: 3f122ce3dbbe488b7e6a8bdb26f41edec852a40b
  subpackages:
  - html
  - html/atom
- name: golang.org/x/sys
  version: 076b546753157f758b316e59bcb51e6807c04057
  subpackages:
  - unix
- name: gopkg.in/gorp.v1
  version: c87af80f3cc5036b55b83d77171e156791085e2e
- name: gopkg.in/yaml.v2
  version: a83829b6f1293c91addabc89d0571c246397bbf4
devImports: []
