# This file is autogenerated, do not edit; changes may be undone by the next 'dep ensure'.


[[projects]]
  digest = "1:180876db3ec295bb9f0babec5ca926fe9f2036b747b7c5bfcd13b333023e7cfd"
  name = "cloud.google.com/go"
  packages = ["compute/metadata"]
  pruneopts = "UT"
  revision = "4b98a6370e36d7a85192e7bad08a4ebd82eac2a8"
  version = "v0.20.0"

[[projects]]
  digest = "1:a92aebe98925bf470dc2f0ebc77c693e3a017db8c17184afff1fa69f936c4233"
  name = "github.com/DataDog/datadog-go"
  packages = ["statsd"]
  pruneopts = "UT"
  revision = "0ddda6bee21174ef6c4873647cb0d6ec9cba996f"
  version = "1.1.0"

[[projects]]
  digest = "1:cc67391019c9be130c0725d1bf24c8b2f9f42e75858ad154a7a8f7b2bc132de8"
  name = "github.com/Pallinder/go-randomdata"
  packages = ["."]
  pruneopts = "UT"
  revision = "01563c9f5c2dd648444bde7b3705a37698581364"

[[projects]]
  digest = "1:320e7ead93de9fd2b0e59b50fd92a4d50c1f8ab455d96bc2eb083267453a9709"
  name = "github.com/asaskevich/govalidator"
  packages = ["."]
  pruneopts = "UT"
  revision = "ccb8e960c48f04d6935e72476ae4a51028f9e22f"
  version = "v9"

[[projects]]
  digest = "1:b520b55fc1146c5b0eea03b07233f7a3d4a9be985c037c91ea6b82ecb81bd521"
  name = "github.com/bitly/go-simplejson"
  packages = ["."]
  pruneopts = "UT"
  revision = "aabad6e819789e569bd6aabf444c935aa9ba1e44"
  version = "v0.5.0"

[[projects]]
  digest = "1:946732c512f3f42c06b0a6a1453af2888058f0d7d7ca6c8bdb65400db7dc80ec"
  name = "github.com/bluele/factory-go"
  packages = ["factory"]
  pruneopts = "UT"
  revision = "8a28e9752dbc744626695b749a3ab474b8b372fa"

[[projects]]
  branch = "master"
  digest = "1:4c4c33075b704791d6a7f09dfb55c66769e8a1dc6adf87026292d274fe8ad113"
  name = "github.com/codahale/hdrhistogram"
  packages = ["."]
  pruneopts = "UT"
  revision = "3a0bb77429bd3a61596f5e8a3172445844342120"

[[projects]]
  digest = "1:02630c70b55ecda2dcb85805170923d8389c632487568ccffadc5482e8a191ed"
  name = "github.com/dgrijalva/jwt-go"
  packages = ["."]
  pruneopts = "UT"
  revision = "24c63f56522a87ec5339cc3567883f1039378fdb"

[[projects]]
  digest = "1:28c2511ad34394d299bca82becccc5dff425819faca8b9fbef0bcd5a88c87d29"
  name = "github.com/fsnotify/fsnotify"
  packages = ["."]
  pruneopts = "UT"
  revision = "f12c6236fe7b5cf6bcf30e5935d08cb079d78334"

[[projects]]
  digest = "1:0594af97b2f4cec6554086eeace6597e20a4b69466eb4ada25adf9f4300dddd2"
  name = "github.com/garyburd/redigo"
  packages = [
    "internal",
    "redis",
  ]
  pruneopts = "UT"
  revision = "a69d19351219b6dd56f274f96d85a7014a2ec34e"
  version = "v1.6.0"

[[projects]]
  digest = "1:86182b0a05e928b62775e9012b613dbb59bd41ed1c80375bcca40a4ccdea29ba"
  name = "github.com/getsentry/raven-go"
  packages = ["."]
  pruneopts = "UT"
  revision = "c9d3cc542ad199f62c0264286be537f9bce6063c"

[[projects]]
  digest = "1:4b08116de0de75c041bb341686f0b139930f26cb84dfdf7641d435548114181d"
  name = "github.com/globalsign/mgo"
  packages = [
    ".",
    "bson",
    "internal/json",
    "internal/sasl",
    "internal/scram",
  ]
  pruneopts = "UT"
  revision = "113d3961e7311526535a1ef7042196563d442761"
  version = "r2018.06.15"

[[projects]]
  digest = "1:670d1f29fa2aa15ea777cc5bcf95881f379bf8a71dbbe145be0774da97fede72"
  name = "github.com/go-gorp/gorp"
  packages = ["."]
  pruneopts = "UT"
  revision = "4df78490a9aa9a78b9b02b0c913df8dc1954faee"
  version = "2.1"

[[projects]]
  digest = "1:0a2260bcfa15237979ef496f03fb6af215c247ad998881a4d039992228876ae3"
  name = "github.com/go-pg/pg"
  packages = [
    ".",
    "internal",
    "internal/parser",
    "internal/pool",
    "orm",
    "types",
  ]
  pruneopts = "UT"
  revision = "ae5d5e7df4b2e598390e10b66b849c6af94f092b"
  version = "v6.15.1"

[[projects]]
  digest = "1:4e717b211b133963a5c761d9e93d0b91f004187cc808891e7039186daa28ea4f"
  name = "github.com/go-sql-driver/mysql"
  packages = ["."]
  pruneopts = "UT"
  revision = "0b58b37b664c21f3010e836f1b931e1d0b0b0685"

[[projects]]
  digest = "1:b60efdeb75d3c0ceed88783ac2495256aba3491a537d0f31401202579fd62a94"
  name = "github.com/golang/mock"
  packages = ["gomock"]
  pruneopts = "UT"
  revision = "51421b967af1f557f93a59e0057aaf15ca02e29c"
  version = "v1.2.0"

[[projects]]
  digest = "1:ffc060c551980d37ee9e428ef528ee2813137249ccebb0bfc412ef83071cac91"
  name = "github.com/golang/protobuf"
  packages = ["proto"]
  pruneopts = "UT"
  revision = "925541529c1fa6821df4e44ce2723319eb2be768"
  version = "v1.0.0"

[[projects]]
  digest = "1:160eabf7a69910fd74f29c692718bc2437c1c1c7d4c9dea9712357752a70e5df"
  name = "github.com/gorilla/context"
  packages = ["."]
  pruneopts = "UT"
  revision = "1ea25387ff6f684839d82767c1733ff4d4d15d0a"
  version = "v1.1"

[[projects]]
  digest = "1:88aa9e326e2bd6045a46e00a922954b3e1a9ac5787109f49ac85366df370e1e5"
  name = "github.com/gorilla/mux"
  packages = ["."]
  pruneopts = "UT"
  revision = "53c1911da2b537f792e7cafcb446b05ffe33b996"
  version = "v1.6.1"

[[projects]]
  digest = "1:73adb3b36abf1f61e52806a97a2fcff59dd5f6eb79d4da4c169056b37f99bdb8"
  name = "github.com/gosuri/uilive"
  packages = ["."]
  pruneopts = "UT"
  revision = "efb88ccd059957c48f24f9d351d33a0eb00ede41"

[[projects]]
  digest = "1:a2143994f7301f212af5ba62c05dc12971c64c44a4ce6c0c80ab51ef0e1d16c8"
  name = "github.com/gosuri/uiprogress"
  packages = [
    ".",
    "util/strutil",
  ]
  pruneopts = "UT"
  revision = "a9f819bfc744fe70043abcc5a6cd0137a678e3d8"

[[projects]]
  digest = "1:500cd3b808905332cbf7f588b052282ccbc81c9249c4f0b3da07cc41f0421d58"
  name = "github.com/hashicorp/hcl"
  packages = [
    ".",
    "hcl/ast",
    "hcl/parser",
    "hcl/scanner",
    "hcl/strconv",
    "hcl/token",
    "json/parser",
    "json/scanner",
    "json/token",
  ]
  pruneopts = "UT"
  revision = "baeb59c710717b06aac1dbe2270e8192ec593244"

[[projects]]
  digest = "1:870d441fe217b8e689d7949fef6e43efbc787e50f200cb1e70dbca9204a1d6be"
  name = "github.com/inconshreveable/mousetrap"
  packages = ["."]
  pruneopts = "UT"
  revision = "76626ae9c91c4f2a10f34cad8ce83ea42c93bb75"
  version = "v1.0"

[[projects]]
  digest = "1:8cff1b38298ac6c9f02bce11df3a7b9026bba6540c52adcf3fc8b328bf0fc149"
  name = "github.com/jarcoal/httpmock"
  packages = ["."]
  pruneopts = "UT"
  revision = "ac2099de8d3789d30b99b740d1a9d242097462df"
  version = "v1.0.4"

[[projects]]
  branch = "master"
  digest = "1:fd97437fbb6b7dce04132cf06775bd258cce305c44add58eb55ca86c6c325160"
  name = "github.com/jinzhu/inflection"
  packages = ["."]
  pruneopts = "UT"
  revision = "04140366298a54a039076d798123ffa108fff46c"

[[projects]]
  digest = "1:04e729cc283db01695b1df9e036ecf1feb06988ec9e4ca5f6406a3f374967ea5"
  name = "github.com/jrallison/go-workers"
  packages = ["."]
  pruneopts = "UT"
  revision = "d1be24994f2aef33257256035eaba70a112bf57f"
  source = "github.com/topfreegames/go-workers"
  version = "v1.0.0"

[[projects]]
  digest = "1:88a87d3a1fa2b355e78bde9de127b5e63b3f2d16f1acc7b3d0200b686ce7d608"
  name = "github.com/klauspost/compress"
  packages = [
    "flate",
    "gzip",
    "zlib",
  ]
  pruneopts = "UT"
  revision = "8df558b6cb6f9b445f9586446cfe7223e7d8bd6b"
  version = "v1.1"

[[projects]]
  digest = "1:5362d6971fcaac68b2c15bd448dc67a0aa508f91bec0dacfbcf9fe2b2bc4d742"
  name = "github.com/klauspost/cpuid"
  packages = ["."]
  pruneopts = "UT"
  revision = "09cded8978dc9e80714c4d85b0322337b0a1e5e0"
  version = "v1.0"

[[projects]]
  digest = "1:1e5bf9cae557702ebbd51a32a94b47e3d1a20b7637682be08da8cf62152ec781"
  name = "github.com/klauspost/crc32"
  packages = ["."]
  pruneopts = "UT"
  revision = "cb6bfca970f6908083f26f39a79009d608efd5cd"
  version = "v1.1"

[[projects]]
  branch = "master"
  digest = "1:81780a09277ee80f2bfbb90da6f51b5de95423db6cde8ff6d72cd20eba989bba"
  name = "github.com/kr/fs"
  packages = ["."]
  pruneopts = "UT"
  revision = "2788f0dbd16903de03cb8186e5c7d97b69ad387b"

[[projects]]
  branch = "master"
  digest = "1:c1046169c43b3993cf00edc6fd4a85472badea8497010f883fa7008802d55389"
  name = "github.com/kylelemons/go-gypsy"
  packages = ["yaml"]
  pruneopts = "UT"
  revision = "08cad365cd28a7fba23bb1e57aa43c5e18ad8bb8"

[[projects]]
  digest = "1:5316e2fc5d849026f1840b32d02776dfbcbc36113279d7053cd26abbd48eefd1"
  name = "github.com/labstack/echo"
  packages = [
    ".",
    "context",
    "engine",
    "engine/fasthttp",
    "engine/standard",
    "log",
    "middleware",
  ]
  pruneopts = "UT"
  revision = "e08070379af60f5b9c0fb5bb2d1527ba9624fe43"
  version = "v2.2.0"

[[projects]]
  digest = "1:4785fe710c106d60599d3b40d78d855046c8fa5ee225f61bc94e2b8c94983c82"
  name = "github.com/labstack/gommon"
  packages = [
    "bytes",
    "color",
    "log",
    "random",
  ]
  pruneopts = "UT"
  revision = "431777a5117c8de4352a400dad1e2a55f484b189"

[[projects]]
  digest = "1:af6e5b1562f6756cf345139f4d825f574de46941fc55870b023302eb36eba9cc"
  name = "github.com/lib/pq"
  packages = [
    ".",
    "oid",
  ]
  pruneopts = "UT"
  revision = "4a82388ebc5138c8289fe9bc602cb0b3e32cd617"

[[projects]]
  digest = "1:4007d130ea960ece2c12269732e7d6002b8db1e1c5276be236e18440350e2e52"
  name = "github.com/magiconair/properties"
  packages = ["."]
  pruneopts = "UT"
  revision = "61b492c03cf472e0c6419be5899b8e0dc28b1b88"

[[projects]]
  branch = "master"
  digest = "1:352e95bc07a9a1944ab4cc901ccd82dd81978d8c6448bf197f81cc96f8ae2915"
  name = "github.com/mailru/easyjson"
  packages = [
    ".",
    "buffer",
    "gen",
    "jlexer",
    "jwriter",
  ]
  pruneopts = "UT"
  revision = "f594efddfa171111dc4349cd6e78e8f61dc7936f"

[[projects]]
  digest = "1:40b0620b5937e7c59e8a3be9ca8fdd37a3aba2d8c6267eb82ee65028dba9f80f"
  name = "github.com/mattn/go-colorable"
  packages = ["."]
  pruneopts = "UT"
  revision = "ed8eb9e318d7a84ce5915b495b7d35e0cfe7b5a8"
  version = "v0.0.6"

[[projects]]
  digest = "1:3dce9780102fd9dfd8b864b18b84b1f94868f992d455af69a4604fae5d3b24f1"
  name = "github.com/mattn/go-isatty"
  packages = ["."]
  pruneopts = "UT"
  revision = "66b8e73f3f5cda9f96b69efd03dd3d7fc4a5cdb8"

[[projects]]
  digest = "1:f6dcf9857d2707839efdc4864fae34a64ab3ad65aa44ba63f0248d66566eb0cf"
  name = "github.com/mitchellh/mapstructure"
  packages = ["."]
  pruneopts = "UT"
  revision = "ca63d7c062ee3c9f34db231e352b60012b4fd0c1"

[[projects]]
  digest = "1:232ecd17bd0b4cc9dbe2910408968858059816d4a7d7f3998a2f350a6742f668"
  name = "github.com/newrelic/go-agent"
  packages = [
    ".",
    "internal",
    "internal/jsonx",
    "internal/logger",
    "internal/sysinfo",
    "internal/utilization",
  ]
  pruneopts = "UT"
  revision = "29ec3cd1bb2f21d21d36da37dae52695cb2c3a17"
  version = "v1.9.0"

[[projects]]
  digest = "1:730efcae6e513d04df336599d3147925ed670d0ac39c81299b862924a58adc3f"
  name = "github.com/onsi/ginkgo"
  packages = [
    ".",
    "config",
    "internal/codelocation",
    "internal/containernode",
    "internal/failer",
    "internal/leafnodes",
    "internal/remote",
    "internal/spec",
    "internal/specrunner",
    "internal/suite",
    "internal/testingtproxy",
    "internal/writer",
    "reporters",
    "reporters/stenographer",
    "types",
  ]
  pruneopts = "UT"
  revision = "462326b1628e124b23f42e87a8f2750e3c4e2d24"
  version = "v1.2.0"

[[projects]]
  digest = "1:3f33175654fb22600581d63dbbb5098a2095d19423a8d180c0c92f55755f68dd"
  name = "github.com/onsi/gomega"
  packages = [
    ".",
    "format",
    "internal/assertion",
    "internal/asyncassertion",
    "internal/oraclematcher",
    "internal/testingtsupport",
    "matchers",
    "matchers/support/goraph/bipartitegraph",
    "matchers/support/goraph/edge",
    "matchers/support/goraph/node",
    "matchers/support/goraph/util",
    "types",
  ]
  pruneopts = "UT"
  revision = "c893efa28eb45626cdaa76c9f653b62488858837"
  version = "v1.2.0"

[[projects]]
  digest = "1:450b7623b185031f3a456801155c8320209f75d0d4c4e633c6b1e59d44d6e392"
  name = "github.com/opentracing/opentracing-go"
  packages = [
    ".",
    "ext",
    "log",
  ]
  pruneopts = "UT"
  revision = "1949ddbfd147afd4d964a9f00b24eb291e0e7c38"
  version = "v1.0.2"

[[projects]]
  digest = "1:808cdddf087fb64baeae67b8dfaee2069034d9704923a3cb8bd96a995421a625"
  name = "github.com/patrickmn/go-cache"
  packages = ["."]
  pruneopts = "UT"
  revision = "a3647f8e31d79543b2d0f0ae2fe5c379d72cedc0"
  version = "v2.1.0"

[[projects]]
  digest = "1:c416b52f6afb8f40cd1ca987ca53c38e65bd169d3de6d89d729880ddf91670f0"
  name = "github.com/pelletier/go-buffruneio"
  packages = ["."]
  pruneopts = "UT"
  revision = "df1e16fde7fc330a0ca68167c23bf7ed6ac31d6d"
  version = "v0.1.0"

[[projects]]
  digest = "1:911769da0c5efe017cde04ec067fb1e489cd108fe7bc6e82519cd429ab8aafb3"
  name = "github.com/pelletier/go-toml"
  packages = ["."]
  pruneopts = "UT"
  revision = "5a62685873ef617233ab5f1b825a6e4a758e16cf"

[[projects]]
  digest = "1:81d7adc8baad8c121181bccfaa0f1deb453b90d6b87d19ad7d1038fd92ee9341"
  name = "github.com/pkg/errors"
  packages = ["."]
  pruneopts = "UT"
  revision = "17b591df37844cde689f4d5813e5cea0927d8dd2"
  version = "v0.7.1"

[[projects]]
  digest = "1:746f94ff455c86a73f85f599f96278dd57636af75729c442e83850e70b1b10da"
  name = "github.com/pkg/sftp"
  packages = ["."]
  pruneopts = "UT"
  revision = "a71e8f580e3b622ebff585309160b1cc549ef4d2"

[[projects]]
  digest = "1:0d6a81444fcfca2621779dbb21c55bb3ce2b0b816752d1e53793f545dee318b0"
  name = "github.com/rcrowley/go-metrics"
  packages = ["."]
  pruneopts = "UT"
  revision = "ab2277b1c5d15c3cba104e9cbddbdfc622df5ad8"

[[projects]]
  digest = "1:f6b329cbb5d4748e2cd2dad96260dc2a2ef5ec6aa1dd4e0bc00958f0b35493c3"
  name = "github.com/satori/go.uuid"
  packages = ["."]
  pruneopts = "UT"
  revision = "0aa62d5ddceb50dbcb909d790b5345affd3669b6"

[[projects]]
  digest = "1:9e9193aa51197513b3abcb108970d831fbcf40ef96aa845c4f03276e1fa316d2"
  name = "github.com/sirupsen/logrus"
  packages = ["."]
  pruneopts = "UT"
  revision = "c155da19408a8799da419ed3eeb0cb5db0ad5dbc"
  version = "v1.0.5"

[[projects]]
  digest = "1:862ff49ce4f27f2246e866a9b1d955322a9b94fe0cf335a164a1e64bc025e428"
  name = "github.com/spf13/afero"
  packages = [
    ".",
    "mem",
    "sftp",
  ]
  pruneopts = "UT"
  revision = "20500e2abd0d1f4564a499e83d11d6c73cd58c27"

[[projects]]
  digest = "1:0795f190d861516d86f1ce7bfedf33f60034b0607984df43cd63b6f2b9730442"
  name = "github.com/spf13/cast"
  packages = ["."]
  pruneopts = "UT"
  revision = "e31f36ffc91a2ba9ddb72a4b6a607ff9b3d3cb63"

[[projects]]
  digest = "1:7c1efba7bc248d1ddcce14e31dbd9873b10540ee68ea20198c8345c5689c7aba"
  name = "github.com/spf13/cobra"
  packages = ["."]
  pruneopts = "UT"
  revision = "37c3f8060359192150945916cbc2d72bce804b4d"

[[projects]]
  digest = "1:16c1437fdd40ea6e3419868c7ee065376bb36c660c63d86dc858bdf05d20033d"
  name = "github.com/spf13/jwalterweatherman"
  packages = ["."]
  pruneopts = "UT"
  revision = "33c24e77fb80341fe7130ee7c594256ff08ccc46"

[[projects]]
  digest = "1:6a4ffec4348214700d6a92ddc15afa6ff70c612e700f8e0d586305c0f449dc53"
  name = "github.com/spf13/pflag"
  packages = ["."]
  pruneopts = "UT"
  revision = "103ce5cd2042f2fe629c1957abb64ab3e7f50235"

[[projects]]
  digest = "1:f8e1a678a2571e265f4bf91a3e5e32aa6b1474a55cb0ea849750cc177b664d96"
  name = "github.com/spf13/viper"
  packages = ["."]
  pruneopts = "UT"
  revision = "25b30aa063fc18e48662b86996252eabdcf2f0c7"

[[projects]]
  digest = "1:4102c0f538fcd1b36853878a0f3e33288618fe0e769d059b0be6424991e850dc"
  name = "github.com/topfreegames/extensions"
  packages = [
    "dogstatsd",
    "echo",
    "echo/middleware",
    "elastic",
    "gorp",
    "gorp/interfaces",
    "http",
    "jaeger",
    "middleware",
    "mongo",
    "mongo/interfaces",
    "oauth2",
    "pg/interfaces",
    "tracing",
    "tracing/echo",
    "tracing/gorp",
    "tracing/http",
    "tracing/mongo",
    "worker/middleware",
  ]
  pruneopts = "UT"
  revision = "b915720a3f4b5f0b27627c575f43088bd76dbdbc"
  version = "v8.0.5"

[[projects]]
  branch = "master"
  digest = "1:96794e2444acff609c61f0068def01f99d1309ba228b5059c64ea9d48da28b90"
  name = "github.com/topfreegames/goose"
  packages = ["lib/goose"]
  pruneopts = "UT"
  revision = "c7f6dd34057cd7e5253c282993b18dd92da999cd"

[[projects]]
  digest = "1:3dc31afac5daebc3d6f7e9d8749ee5c3fba79483ce9d0945de01716d033c6ff4"
  name = "github.com/uber-go/atomic"
  packages = ["."]
  pruneopts = "UT"
  revision = "0c9e689d64f004564b79d9a663634756df322902"
  version = "v1.0.0"

[[projects]]
  digest = "1:936d50b833e1d31f736161e35cee5d19ea7f18d5cb5603b6284a385a34c7e46f"
  name = "github.com/uber-go/zap"
  packages = ["."]
  pruneopts = "UT"
  revision = "d11d2851fcabcf03421c4dbdbc3146fc74eb1035"

[[projects]]
  digest = "1:ac6f26e917fd2fb3194a7ebe2baf6fb32de2f2fbfed130c18aac0e758a6e1d22"
  name = "github.com/uber/jaeger-client-go"
  packages = [
    ".",
    "config",
    "internal/baggage",
    "internal/baggage/remote",
    "internal/spanlog",
    "internal/throttler",
    "internal/throttler/remote",
    "log",
    "rpcmetrics",
    "thrift",
    "thrift-gen/agent",
    "thrift-gen/baggage",
    "thrift-gen/jaeger",
    "thrift-gen/sampling",
    "thrift-gen/zipkincore",
    "transport",
    "utils",
  ]
  pruneopts = "UT"
  revision = "1a782e2da844727691fef1757c72eb190c2909f0"
  version = "v2.15.0"

[[projects]]
  digest = "1:0f09db8429e19d57c8346ad76fbbc679341fa86073d3b8fb5ac919f0357d8f4c"
  name = "github.com/uber/jaeger-lib"
  packages = ["metrics"]
  pruneopts = "UT"
  revision = "ed3a127ec5fef7ae9ea95b01b542c47fbd999ce5"
  version = "v1.5.0"

[[projects]]
  branch = "master"
  digest = "1:c468422f334a6b46a19448ad59aaffdfc0a36b08fdcc1c749a0b29b6453d7e59"
  name = "github.com/valyala/bytebufferpool"
  packages = ["."]
  pruneopts = "UT"
  revision = "e746df99fe4a3986f4d4f79e13c1e0117ce9c2f7"

[[projects]]
  digest = "1:bc3db1daed451adc924332c71110379e2a67a2c48c0bdba3e147f748dccbf351"
  name = "github.com/valyala/fasthttp"
  packages = [
    ".",
    "fasthttpadaptor",
    "fasthttputil",
  ]
  pruneopts = "UT"
  revision = "834fb48f10402a9c58ed0637ec47ba0d91f201c8"

[[projects]]
  digest = "1:9afe305ba8eb834434a11043d1629785ed7c3dc7bf4c1bf8219b945556c31344"
  name = "github.com/valyala/fasttemplate"
  packages = ["."]
  pruneopts = "UT"
  revision = "3b874956e03f1636d171bda64b130f9135f42cff"

[[projects]]
  digest = "1:21ca42ad0c32493b426da67a8f2f8b52fa2d63be4d0d526e4a449358452aca49"
  name = "github.com/ziutek/mymysql"
  packages = [
    "godrv",
    "mysql",
    "native",
  ]
  pruneopts = "UT"
  revision = "df6241f6355c5595d99e9661039f8648c440deba"

[[projects]]
  digest = "1:ffed49936eb3812b6824211b95112a01ebab612a83c21c3597d9bde4e2f170ed"
  name = "golang.org/x/crypto"
  packages = [
    "curve25519",
    "ed25519",
    "ed25519/internal/edwards25519",
    "pbkdf2",
    "ssh",
    "ssh/terminal",
  ]
  pruneopts = "UT"
  revision = "986d3313588aa5c68f1df95eac956f79cf3b2c01"

[[projects]]
  digest = "1:c5717d714b092bfb0333a9b30bf3d499a96b6e0e1f43949355ec090222a4bea9"
  name = "golang.org/x/net"
  packages = [
    "context",
    "context/ctxhttp",
    "html",
    "html/atom",
    "html/charset",
  ]
  pruneopts = "UT"
  revision = "7394c112eae4dba7e96bfcfe738e6373d61772b4"

[[projects]]
  branch = "master"
  digest = "1:0c0536c714744e2dfb000dd7a70a211e90db199b59631d362d06f0862f74058b"
  name = "golang.org/x/oauth2"
  packages = [
    ".",
    "google",
    "internal",
    "jws",
    "jwt",
  ]
  pruneopts = "UT"
  revision = "fdc9e635145ae97e6c2cb777c48305600cf515cb"

[[projects]]
  digest = "1:e16c53d2592b2ba64d1a6da684a952bdff8815ed8b901b220fe875864b664643"
  name = "golang.org/x/sys"
  packages = ["unix"]
  pruneopts = "UT"
  revision = "a646d33e2ee3172a661fc09bca23bb4889a41bc8"

[[projects]]
  digest = "1:9ca14a75cc958cea137318eaf4d7a87c176c9adcdd529c1d12d749b89225b605"
  name = "golang.org/x/text"
  packages = [
    "encoding",
    "encoding/charmap",
    "encoding/htmlindex",
    "encoding/internal",
    "encoding/internal/identifier",
    "encoding/japanese",
    "encoding/korean",
    "encoding/simplifiedchinese",
    "encoding/traditionalchinese",
    "encoding/unicode",
    "internal/gen",
    "internal/tag",
    "internal/triegen",
    "internal/ucd",
    "internal/utf8internal",
    "language",
    "runes",
    "transform",
    "unicode/cldr",
    "unicode/norm",
  ]
  pruneopts = "UT"
  revision = "d69c40b4be55797923cec7457fac7a244d91a9b6"

[[projects]]
  digest = "1:a48f97fb737d5d61cf13e81cfef040942d217d086766b823757d39d4f6a4c547"
  name = "google.golang.org/appengine"
  packages = [
    ".",
    "internal",
    "internal/app_identity",
    "internal/base",
    "internal/datastore",
    "internal/log",
    "internal/modules",
    "internal/remote_api",
    "internal/urlfetch",
    "urlfetch",
  ]
  pruneopts = "UT"
  revision = "150dc57a1b433e64154302bdc40b6bb8aefa313a"
  version = "v1.0.0"

[[projects]]
  digest = "1:14aa12a4a23b14afe5731023e50b7ad98fd61ab4c17e6fcbf1ea62a151b8d02b"
  name = "gopkg.in/olivere/elastic.v5"
  packages = [
    ".",
    "config",
    "uritemplates",
  ]
  pruneopts = "UT"
  revision = "75b071e35066bfb592a0d770e4cd1e5a5e45edf0"
  version = "v5.0.46"

[[projects]]
  digest = "1:0166e1dc8ff3d10aad40dacccf8ea76b491425169a12339e9848e688845eaa4e"
  name = "gopkg.in/yaml.v2"
  packages = ["."]
  pruneopts = "UT"
  revision = "e4d366fc3c7938e2958e662b4258c7a89e1f0e3e"

[[projects]]
  digest = "1:999d566ad1ae4303c456af5a155f7b42401cca4fd33552567ed9dd997b107a08"
  name = "mellium.im/sasl"
  packages = ["."]
  pruneopts = "UT"
  revision = "e58e780e1378aa4df5dc705364ff5ae9a4dd1e04"
  version = "v0.2.1"

[solve-meta]
  analyzer-name = "dep"
  analyzer-version = 1
  input-imports = [
    "github.com/Pallinder/go-randomdata",
    "github.com/bluele/factory-go/factory",
    "github.com/getsentry/raven-go",
    "github.com/globalsign/mgo/bson",
    "github.com/go-gorp/gorp",
    "github.com/golang/mock/gomock",
    "github.com/gosuri/uiprogress",
    "github.com/gosuri/uiprogress/util/strutil",
    "github.com/jarcoal/httpmock",
    "github.com/jrallison/go-workers",
    "github.com/labstack/echo",
    "github.com/labstack/echo/engine",
    "github.com/labstack/echo/engine/fasthttp",
    "github.com/labstack/echo/engine/standard",
    "github.com/labstack/echo/middleware",
    "github.com/lib/pq",
    "github.com/mailru/easyjson",
    "github.com/mailru/easyjson/gen",
    "github.com/mailru/easyjson/jlexer",
    "github.com/mailru/easyjson/jwriter",
    "github.com/newrelic/go-agent",
    "github.com/onsi/ginkgo",
    "github.com/onsi/gomega",
    "github.com/opentracing/opentracing-go",
    "github.com/patrickmn/go-cache",
    "github.com/rcrowley/go-metrics",
    "github.com/satori/go.uuid",
    "github.com/sirupsen/logrus",
    "github.com/spf13/cobra",
    "github.com/spf13/viper",
    "github.com/topfreegames/extensions/echo",
    "github.com/topfreegames/extensions/echo/middleware",
    "github.com/topfreegames/extensions/elastic",
    "github.com/topfreegames/extensions/gorp",
    "github.com/topfreegames/extensions/gorp/interfaces",
    "github.com/topfreegames/extensions/http",
    "github.com/topfreegames/extensions/jaeger",
    "github.com/topfreegames/extensions/middleware",
    "github.com/topfreegames/extensions/mongo",
    "github.com/topfreegames/extensions/mongo/interfaces",
    "github.com/topfreegames/extensions/tracing",
    "github.com/topfreegames/extensions/worker/middleware",
    "github.com/topfreegames/goose/lib/goose",
    "github.com/uber-go/zap",
    "github.com/valyala/fasthttp/fasthttpadaptor",
    "github.com/valyala/fasttemplate",
    "gopkg.in/olivere/elastic.v5",
  ]
  solver-name = "gps-cdcl"
  solver-version = 1
